
Microsoft Visual Studio Solution File, Format Version 12.00
# Visual Studio Version 17
VisualStudioVersion = 17.0.31903.59
MinimumVisualStudioVersion = 10.0.40219.1
Project("{2150E333-8FDC-42A3-9474-1A3956D46DE8}") = "src", "src", "{827E0CD3-B72D-47B6-A68D-7590B98EB39B}"
EndProject
Project("{FAE04EC0-301F-11D3-BF4B-00C04F79EFBC}") = "FitApi.Api", "src\FitApi.Api\FitApi.Api.csproj", "{80FF402E-BF51-4F69-ACDB-09900F9C5022}"
EndProject
Project("{FAE04EC0-301F-11D3-BF4B-00C04F79EFBC}") = "FitApi.Core", "src\FitApi.Core\FitApi.Core.csproj", "{5DD2B0B3-EC01-451C-BB7E-D56B1191EE87}"
EndProject
Project("{FAE04EC0-301F-11D3-BF4B-00C04F79EFBC}") = "FitApi.Database", "src\FitApi.Database\FitApi.Database.csproj", "{AF980096-38FF-46D2-BEEF-3BA7AB8B4A64}"
EndProject
Project("{FAE04EC0-301F-11D3-BF4B-00C04F79EFBC}") = "FitApi.Infra", "src\FitApi.Infra\FitApi.Infra.csproj", "{F14C328C-AF37-4844-A80E-30E8CC0DD037}"
EndProject
Project("{2150E333-8FDC-42A3-9474-1A3956D46DE8}") = "tests", "tests", "{0AB3BF05-4346-4AA6-1389-037BE0695223}"
EndProject
Project("{FAE04EC0-301F-11D3-BF4B-00C04F79EFBC}") = "FitApi.UnitTests", "tests\FitApi.UnitTests\FitApi.UnitTests.csproj", "{2AA10A80-8C36-48EF-99A3-B9CFC53D8863}"
EndProject
Project("{FAE04EC0-301F-11D3-BF4B-00C04F79EFBC}") = "FitApi.IntegrationTests", "tests\FitApi.IntegrationTests\FitApi.IntegrationTests.csproj", "{5F0EF480-F5E3-4750-963E-A47F50404E5E}"
EndProject
Global
	GlobalSection(SolutionConfigurationPlatforms) = preSolution
		Debug|Any CPU = Debug|Any CPU
		Debug|x64 = Debug|x64
		Debug|x86 = Debug|x86
		Release|Any CPU = Release|Any CPU
		Release|x64 = Release|x64
		Release|x86 = Release|x86
	EndGlobalSection
	GlobalSection(ProjectConfigurationPlatforms) = postSolution
		{80FF402E-BF51-4F69-ACDB-09900F9C5022}.Debug|Any CPU.ActiveCfg = Debug|Any CPU
		{80FF402E-BF51-4F69-ACDB-09900F9C5022}.Debug|Any CPU.Build.0 = Debug|Any CPU
		{80FF402E-BF51-4F69-ACDB-09900F9C5022}.Debug|x64.ActiveCfg = Debug|Any CPU
		{80FF402E-BF51-4F69-ACDB-09900F9C5022}.Debug|x64.Build.0 = Debug|Any CPU
		{80FF402E-BF51-4F69-ACDB-09900F9C5022}.Debug|x86.ActiveCfg = Debug|Any CPU
		{80FF402E-BF51-4F69-ACDB-09900F9C5022}.Debug|x86.Build.0 = Debug|Any CPU
		{80FF402E-BF51-4F69-ACDB-09900F9C5022}.Release|Any CPU.ActiveCfg = Release|Any CPU
		{80FF402E-BF51-4F69-ACDB-09900F9C5022}.Release|Any CPU.Build.0 = Release|Any CPU
		{80FF402E-BF51-4F69-ACDB-09900F9C5022}.Release|x64.ActiveCfg = Release|Any CPU
		{80FF402E-BF51-4F69-ACDB-09900F9C5022}.Release|x64.Build.0 = Release|Any CPU
		{80FF402E-BF51-4F69-ACDB-09900F9C5022}.Release|x86.ActiveCfg = Release|Any CPU
		{80FF402E-BF51-4F69-ACDB-09900F9C5022}.Release|x86.Build.0 = Release|Any CPU
		{5DD2B0B3-EC01-451C-BB7E-D56B1191EE87}.Debug|Any CPU.ActiveCfg = Debug|Any CPU
		{5DD2B0B3-EC01-451C-BB7E-D56B1191EE87}.Debug|Any CPU.Build.0 = Debug|Any CPU
		{5DD2B0B3-EC01-451C-BB7E-D56B1191EE87}.Debug|x64.ActiveCfg = Debug|Any CPU
		{5DD2B0B3-EC01-451C-BB7E-D56B1191EE87}.Debug|x64.Build.0 = Debug|Any CPU
		{5DD2B0B3-EC01-451C-BB7E-D56B1191EE87}.Debug|x86.ActiveCfg = Debug|Any CPU
		{5DD2B0B3-EC01-451C-BB7E-D56B1191EE87}.Debug|x86.Build.0 = Debug|Any CPU
		{5DD2B0B3-EC01-451C-BB7E-D56B1191EE87}.Release|Any CPU.ActiveCfg = Release|Any CPU
		{5DD2B0B3-EC01-451C-BB7E-D56B1191EE87}.Release|Any CPU.Build.0 = Release|Any CPU
		{5DD2B0B3-EC01-451C-BB7E-D56B1191EE87}.Release|x64.ActiveCfg = Release|Any CPU
		{5DD2B0B3-EC01-451C-BB7E-D56B1191EE87}.Release|x64.Build.0 = Release|Any CPU
		{5DD2B0B3-EC01-451C-BB7E-D56B1191EE87}.Release|x86.ActiveCfg = Release|Any CPU
		{5DD2B0B3-EC01-451C-BB7E-D56B1191EE87}.Release|x86.Build.0 = Release|Any CPU
		{AF980096-38FF-46D2-BEEF-3BA7AB8B4A64}.Debug|Any CPU.ActiveCfg = Debug|Any CPU
		{AF980096-38FF-46D2-BEEF-3BA7AB8B4A64}.Debug|Any CPU.Build.0 = Debug|Any CPU
		{AF980096-38FF-46D2-BEEF-3BA7AB8B4A64}.Debug|x64.ActiveCfg = Debug|Any CPU
		{AF980096-38FF-46D2-BEEF-3BA7AB8B4A64}.Debug|x64.Build.0 = Debug|Any CPU
		{AF980096-38FF-46D2-BEEF-3BA7AB8B4A64}.Debug|x86.ActiveCfg = Debug|Any CPU
		{AF980096-38FF-46D2-BEEF-3BA7AB8B4A64}.Debug|x86.Build.0 = Debug|Any CPU
		{AF980096-38FF-46D2-BEEF-3BA7AB8B4A64}.Release|Any CPU.ActiveCfg = Release|Any CPU
		{AF980096-38FF-46D2-BEEF-3BA7AB8B4A64}.Release|Any CPU.Build.0 = Release|Any CPU
		{AF980096-38FF-46D2-BEEF-3BA7AB8B4A64}.Release|x64.ActiveCfg = Release|Any CPU
		{AF980096-38FF-46D2-BEEF-3BA7AB8B4A64}.Release|x64.Build.0 = Release|Any CPU
		{AF980096-38FF-46D2-BEEF-3BA7AB8B4A64}.Release|x86.ActiveCfg = Release|Any CPU
		{AF980096-38FF-46D2-BEEF-3BA7AB8B4A64}.Release|x86.Build.0 = Release|Any CPU
		{F14C328C-AF37-4844-A80E-30E8CC0DD037}.Debug|Any CPU.ActiveCfg = Debug|Any CPU
		{F14C328C-AF37-4844-A80E-30E8CC0DD037}.Debug|Any CPU.Build.0 = Debug|Any CPU
		{F14C328C-AF37-4844-A80E-30E8CC0DD037}.Debug|x64.ActiveCfg = Debug|Any CPU
		{F14C328C-AF37-4844-A80E-30E8CC0DD037}.Debug|x64.Build.0 = Debug|Any CPU
		{F14C328C-AF37-4844-A80E-30E8CC0DD037}.Debug|x86.ActiveCfg = Debug|Any CPU
		{F14C328C-AF37-4844-A80E-30E8CC0DD037}.Debug|x86.Build.0 = Debug|Any CPU
		{F14C328C-AF37-4844-A80E-30E8CC0DD037}.Release|Any CPU.ActiveCfg = Release|Any CPU
		{F14C328C-AF37-4844-A80E-30E8CC0DD037}.Release|Any CPU.Build.0 = Release|Any CPU
		{F14C328C-AF37-4844-A80E-30E8CC0DD037}.Release|x64.ActiveCfg = Release|Any CPU
		{F14C328C-AF37-4844-A80E-30E8CC0DD037}.Release|x64.Build.0 = Release|Any CPU
		{F14C328C-AF37-4844-A80E-30E8CC0DD037}.Release|x86.ActiveCfg = Release|Any CPU
		{F14C328C-AF37-4844-A80E-30E8CC0DD037}.Release|x86.Build.0 = Release|Any CPU
		{2AA10A80-8C36-48EF-99A3-B9CFC53D8863}.Debug|Any CPU.ActiveCfg = Debug|Any CPU
		{2AA10A80-8C36-48EF-99A3-B9CFC53D8863}.Debug|Any CPU.Build.0 = Debug|Any CPU
		{2AA10A80-8C36-48EF-99A3-B9CFC53D8863}.Debug|x64.ActiveCfg = Debug|Any CPU
		{2AA10A80-8C36-48EF-99A3-B9CFC53D8863}.Debug|x64.Build.0 = Debug|Any CPU
		{2AA10A80-8C36-48EF-99A3-B9CFC53D8863}.Debug|x86.ActiveCfg = Debug|Any CPU
		{2AA10A80-8C36-48EF-99A3-B9CFC53D8863}.Debug|x86.Build.0 = Debug|Any CPU
		{2AA10A80-8C36-48EF-99A3-B9CFC53D8863}.Release|Any CPU.ActiveCfg = Release|Any CPU
		{2AA10A80-8C36-48EF-99A3-B9CFC53D8863}.Release|Any CPU.Build.0 = Release|Any CPU
		{2AA10A80-8C36-48EF-99A3-B9CFC53D8863}.Release|x64.ActiveCfg = Release|Any CPU
		{2AA10A80-8C36-48EF-99A3-B9CFC53D8863}.Release|x64.Build.0 = Release|Any CPU
		{2AA10A80-8C36-48EF-99A3-B9CFC53D8863}.Release|x86.ActiveCfg = Release|Any CPU
		{2AA10A80-8C36-48EF-99A3-B9CFC53D8863}.Release|x86.Build.0 = Release|Any CPU
		{5F0EF480-F5E3-4750-963E-A47F50404E5E}.Debug|Any CPU.ActiveCfg = Debug|Any CPU
		{5F0EF480-F5E3-4750-963E-A47F50404E5E}.Debug|Any CPU.Build.0 = Debug|Any CPU
		{5F0EF480-F5E3-4750-963E-A47F50404E5E}.Debug|x64.ActiveCfg = Debug|Any CPU
		{5F0EF480-F5E3-4750-963E-A47F50404E5E}.Debug|x64.Build.0 = Debug|Any CPU
		{5F0EF480-F5E3-4750-963E-A47F50404E5E}.Debug|x86.ActiveCfg = Debug|Any CPU
		{5F0EF480-F5E3-4750-963E-A47F50404E5E}.Debug|x86.Build.0 = Debug|Any CPU
		{5F0EF480-F5E3-4750-963E-A47F50404E5E}.Release|Any CPU.ActiveCfg = Release|Any CPU
		{5F0EF480-F5E3-4750-963E-A47F50404E5E}.Release|Any CPU.Build.0 = Release|Any CPU
		{5F0EF480-F5E3-4750-963E-A47F50404E5E}.Release|x64.ActiveCfg = Release|Any CPU
		{5F0EF480-F5E3-4750-963E-A47F50404E5E}.Release|x64.Build.0 = Release|Any CPU
		{5F0EF480-F5E3-4750-963E-A47F50404E5E}.Release|x86.ActiveCfg = Release|Any CPU
		{5F0EF480-F5E3-4750-963E-A47F50404E5E}.Release|x86.Build.0 = Release|Any CPU
	EndGlobalSection
	GlobalSection(SolutionProperties) = preSolution
		HideSolutionNode = FALSE
	EndGlobalSection
	GlobalSection(NestedProjects) = preSolution
		{80FF402E-BF51-4F69-ACDB-09900F9C5022} = {827E0CD3-B72D-47B6-A68D-7590B98EB39B}
		{5DD2B0B3-EC01-451C-BB7E-D56B1191EE87} = {827E0CD3-B72D-47B6-A68D-7590B98EB39B}
		{AF980096-38FF-46D2-BEEF-3BA7AB8B4A64} = {827E0CD3-B72D-47B6-A68D-7590B98EB39B}
		{F14C328C-AF37-4844-A80E-30E8CC0DD037} = {827E0CD3-B72D-47B6-A68D-7590B98EB39B}
		{2AA10A80-8C36-48EF-99A3-B9CFC53D8863} = {0AB3BF05-4346-4AA6-1389-037BE0695223}
		{5F0EF480-F5E3-4750-963E-A47F50404E5E} = {0AB3BF05-4346-4AA6-1389-037BE0695223}
	EndGlobalSection
EndGlobal
